// !$*UTF8*$!
{
	archiveVersion = 1;
	classes = {
	};
	objectVersion = 46;
	objects = {

/* Begin PBXBuildFile section */
		682FA4D71CF5427500B81932 /* AppDelegate.swift in Sources */ = {isa = PBXBuildFile; fileRef = 682FA4D61CF5427500B81932 /* AppDelegate.swift */; };
		682FA4DC1CF5427500B81932 /* Main.storyboard in Resources */ = {isa = PBXBuildFile; fileRef = 682FA4DA1CF5427500B81932 /* Main.storyboard */; };
		682FA4DE1CF5427500B81932 /* Assets.xcassets in Resources */ = {isa = PBXBuildFile; fileRef = 682FA4DD1CF5427500B81932 /* Assets.xcassets */; };
		682FA4E11CF5427500B81932 /* LaunchScreen.storyboard in Resources */ = {isa = PBXBuildFile; fileRef = 682FA4DF1CF5427500B81932 /* LaunchScreen.storyboard */; };
		682FA4EC1CF5427500B81932 /* TimelineTests.swift in Sources */ = {isa = PBXBuildFile; fileRef = 682FA4EB1CF5427500B81932 /* TimelineTests.swift */; };
		682FA4F71CF5427500B81932 /* TimelineUITests.swift in Sources */ = {isa = PBXBuildFile; fileRef = 682FA4F61CF5427500B81932 /* TimelineUITests.swift */; };
		68402B571CF93CB000EECEF3 /* CloudKitManager.swift in Sources */ = {isa = PBXBuildFile; fileRef = 68402B561CF93CB000EECEF3 /* CloudKitManager.swift */; };
		6857CAA11CF5F00F0072C237 /* PostController.swift in Sources */ = {isa = PBXBuildFile; fileRef = 6857CAA01CF5F00F0072C237 /* PostController.swift */; };
		68658B661CF8B8730016C5CD /* PostTableViewCell.swift in Sources */ = {isa = PBXBuildFile; fileRef = 68658B651CF8B8730016C5CD /* PostTableViewCell.swift */; };
		68658B681CF8F3280016C5CD /* SearchResultsTableViewController.swift in Sources */ = {isa = PBXBuildFile; fileRef = 68658B671CF8F3280016C5CD /* SearchResultsTableViewController.swift */; };
		68658B6A1CF8F3820016C5CD /* SearchableRecord.swift in Sources */ = {isa = PBXBuildFile; fileRef = 68658B691CF8F3820016C5CD /* SearchableRecord.swift */; };
		68AA93211CF689F30006A751 /* PostListTableViewController.swift in Sources */ = {isa = PBXBuildFile; fileRef = 68AA93201CF689F30006A751 /* PostListTableViewController.swift */; };
		68AA93231CF68A020006A751 /* PostDetailTableViewController.swift in Sources */ = {isa = PBXBuildFile; fileRef = 68AA93221CF68A020006A751 /* PostDetailTableViewController.swift */; };
		68AA93251CF68A1A0006A751 /* AddPostTableViewController.swift in Sources */ = {isa = PBXBuildFile; fileRef = 68AA93241CF68A1A0006A751 /* AddPostTableViewController.swift */; };
		68AA932B1CF68ECD0006A751 /* PhotoSelectViewController.swift in Sources */ = {isa = PBXBuildFile; fileRef = 68AA932A1CF68ECD0006A751 /* PhotoSelectViewController.swift */; };
		68B4B04C1D05BD7A00EE2D88 /* CloudKit.framework in Frameworks */ = {isa = PBXBuildFile; fileRef = 68B4B04B1D05BD7A00EE2D88 /* CloudKit.framework */; };
		9D3CACAE1D4FB2DC00ED537B /* Post.swift in Sources */ = {isa = PBXBuildFile; fileRef = 68658B5B1CF8AC4B0016C5CD /* Post.swift */; };
		9D3CACB01D4FB60C00ED537B /* CloudKitSyncable.swift in Sources */ = {isa = PBXBuildFile; fileRef = 9D3CACAF1D4FB60C00ED537B /* CloudKitSyncable.swift */; };
		9D3CACB11D4FB8DF00ED537B /* Comment.swift in Sources */ = {isa = PBXBuildFile; fileRef = 68658B5D1CF8AC4B0016C5CD /* Comment.swift */; };
/* End PBXBuildFile section */

/* Begin PBXContainerItemProxy section */
		682FA4E81CF5427500B81932 /* PBXContainerItemProxy */ = {
			isa = PBXContainerItemProxy;
			containerPortal = 682FA4CB1CF5427500B81932 /* Project object */;
			proxyType = 1;
			remoteGlobalIDString = 682FA4D21CF5427500B81932;
			remoteInfo = Timeline;
		};
		682FA4F31CF5427500B81932 /* PBXContainerItemProxy */ = {
			isa = PBXContainerItemProxy;
			containerPortal = 682FA4CB1CF5427500B81932 /* Project object */;
			proxyType = 1;
			remoteGlobalIDString = 682FA4D21CF5427500B81932;
			remoteInfo = Timeline;
		};
/* End PBXContainerItemProxy section */

/* Begin PBXFileReference section */
		68199A871D007F96001C6FAE /* Timeline.entitlements */ = {isa = PBXFileReference; lastKnownFileType = text.xml; path = Timeline.entitlements; sourceTree = "<group>"; };
		682FA4D31CF5427500B81932 /* Timeline.app */ = {isa = PBXFileReference; explicitFileType = wrapper.application; includeInIndex = 0; path = Timeline.app; sourceTree = BUILT_PRODUCTS_DIR; };
		682FA4D61CF5427500B81932 /* AppDelegate.swift */ = {isa = PBXFileReference; lastKnownFileType = sourcecode.swift; path = AppDelegate.swift; sourceTree = "<group>"; };
		682FA4DB1CF5427500B81932 /* Base */ = {isa = PBXFileReference; lastKnownFileType = file.storyboard; name = Base; path = Base.lproj/Main.storyboard; sourceTree = "<group>"; };
		682FA4DD1CF5427500B81932 /* Assets.xcassets */ = {isa = PBXFileReference; lastKnownFileType = folder.assetcatalog; path = Assets.xcassets; sourceTree = "<group>"; };
		682FA4E01CF5427500B81932 /* Base */ = {isa = PBXFileReference; lastKnownFileType = file.storyboard; name = Base; path = Base.lproj/LaunchScreen.storyboard; sourceTree = "<group>"; };
		682FA4E21CF5427500B81932 /* Info.plist */ = {isa = PBXFileReference; lastKnownFileType = text.plist.xml; path = Info.plist; sourceTree = "<group>"; };
		682FA4E71CF5427500B81932 /* TimelineTests.xctest */ = {isa = PBXFileReference; explicitFileType = wrapper.cfbundle; includeInIndex = 0; path = TimelineTests.xctest; sourceTree = BUILT_PRODUCTS_DIR; };
		682FA4EB1CF5427500B81932 /* TimelineTests.swift */ = {isa = PBXFileReference; lastKnownFileType = sourcecode.swift; path = TimelineTests.swift; sourceTree = "<group>"; };
		682FA4ED1CF5427500B81932 /* Info.plist */ = {isa = PBXFileReference; lastKnownFileType = text.plist.xml; path = Info.plist; sourceTree = "<group>"; };
		682FA4F21CF5427500B81932 /* TimelineUITests.xctest */ = {isa = PBXFileReference; explicitFileType = wrapper.cfbundle; includeInIndex = 0; path = TimelineUITests.xctest; sourceTree = BUILT_PRODUCTS_DIR; };
		682FA4F61CF5427500B81932 /* TimelineUITests.swift */ = {isa = PBXFileReference; lastKnownFileType = sourcecode.swift; path = TimelineUITests.swift; sourceTree = "<group>"; };
		682FA4F81CF5427500B81932 /* Info.plist */ = {isa = PBXFileReference; lastKnownFileType = text.plist.xml; path = Info.plist; sourceTree = "<group>"; };
		68402B561CF93CB000EECEF3 /* CloudKitManager.swift */ = {isa = PBXFileReference; fileEncoding = 4; lastKnownFileType = sourcecode.swift; path = CloudKitManager.swift; sourceTree = "<group>"; };
		6857CAA01CF5F00F0072C237 /* PostController.swift */ = {isa = PBXFileReference; fileEncoding = 4; lastKnownFileType = sourcecode.swift; path = PostController.swift; sourceTree = "<group>"; };
		68658B5B1CF8AC4B0016C5CD /* Post.swift */ = {isa = PBXFileReference; fileEncoding = 4; lastKnownFileType = sourcecode.swift; path = Post.swift; sourceTree = "<group>"; };
		68658B5D1CF8AC4B0016C5CD /* Comment.swift */ = {isa = PBXFileReference; fileEncoding = 4; lastKnownFileType = sourcecode.swift; path = Comment.swift; sourceTree = "<group>"; };
		68658B651CF8B8730016C5CD /* PostTableViewCell.swift */ = {isa = PBXFileReference; fileEncoding = 4; lastKnownFileType = sourcecode.swift; path = PostTableViewCell.swift; sourceTree = "<group>"; };
		68658B671CF8F3280016C5CD /* SearchResultsTableViewController.swift */ = {isa = PBXFileReference; fileEncoding = 4; lastKnownFileType = sourcecode.swift; path = SearchResultsTableViewController.swift; sourceTree = "<group>"; };
		68658B691CF8F3820016C5CD /* SearchableRecord.swift */ = {isa = PBXFileReference; fileEncoding = 4; lastKnownFileType = sourcecode.swift; path = SearchableRecord.swift; sourceTree = "<group>"; };
		68AA93201CF689F30006A751 /* PostListTableViewController.swift */ = {isa = PBXFileReference; fileEncoding = 4; lastKnownFileType = sourcecode.swift; path = PostListTableViewController.swift; sourceTree = "<group>"; };
		68AA93221CF68A020006A751 /* PostDetailTableViewController.swift */ = {isa = PBXFileReference; fileEncoding = 4; lastKnownFileType = sourcecode.swift; path = PostDetailTableViewController.swift; sourceTree = "<group>"; };
		68AA93241CF68A1A0006A751 /* AddPostTableViewController.swift */ = {isa = PBXFileReference; fileEncoding = 4; lastKnownFileType = sourcecode.swift; path = AddPostTableViewController.swift; sourceTree = "<group>"; };
		68AA932A1CF68ECD0006A751 /* PhotoSelectViewController.swift */ = {isa = PBXFileReference; fileEncoding = 4; lastKnownFileType = sourcecode.swift; path = PhotoSelectViewController.swift; sourceTree = "<group>"; };
		68B4B04B1D05BD7A00EE2D88 /* CloudKit.framework */ = {isa = PBXFileReference; lastKnownFileType = wrapper.framework; name = CloudKit.framework; path = System/Library/Frameworks/CloudKit.framework; sourceTree = SDKROOT; };
		9D3CACAF1D4FB60C00ED537B /* CloudKitSyncable.swift */ = {isa = PBXFileReference; fileEncoding = 4; lastKnownFileType = sourcecode.swift; path = CloudKitSyncable.swift; sourceTree = "<group>"; };
/* End PBXFileReference section */

/* Begin PBXFrameworksBuildPhase section */
		682FA4D01CF5427500B81932 /* Frameworks */ = {
			isa = PBXFrameworksBuildPhase;
			buildActionMask = 2147483647;
			files = (
				68B4B04C1D05BD7A00EE2D88 /* CloudKit.framework in Frameworks */,
			);
			runOnlyForDeploymentPostprocessing = 0;
		};
		682FA4E41CF5427500B81932 /* Frameworks */ = {
			isa = PBXFrameworksBuildPhase;
			buildActionMask = 2147483647;
			files = (
			);
			runOnlyForDeploymentPostprocessing = 0;
		};
		682FA4EF1CF5427500B81932 /* Frameworks */ = {
			isa = PBXFrameworksBuildPhase;
			buildActionMask = 2147483647;
			files = (
			);
			runOnlyForDeploymentPostprocessing = 0;
		};
/* End PBXFrameworksBuildPhase section */

/* Begin PBXGroup section */
		682FA4CA1CF5427500B81932 = {
			isa = PBXGroup;
			children = (
				682FA4D51CF5427500B81932 /* Sources */,
				9D6CD0241CFC8F580002C64B /* Resources */,
				9D6CD0231CFC8F470002C64B /* Frameworks */,
				682FA4EA1CF5427500B81932 /* TimelineTests */,
				682FA4F51CF5427500B81932 /* TimelineUITests */,
				682FA4D41CF5427500B81932 /* Products */,
			);
			sourceTree = "<group>";
		};
		682FA4D41CF5427500B81932 /* Products */ = {
			isa = PBXGroup;
			children = (
				682FA4D31CF5427500B81932 /* Timeline.app */,
				682FA4E71CF5427500B81932 /* TimelineTests.xctest */,
				682FA4F21CF5427500B81932 /* TimelineUITests.xctest */,
			);
			name = Products;
			sourceTree = "<group>";
		};
		682FA4D51CF5427500B81932 /* Sources */ = {
			isa = PBXGroup;
			children = (
				682FA4D61CF5427500B81932 /* AppDelegate.swift */,
				9D6CD0261CFC8FC70002C64B /* Model */,
				9D6CD0281CFC902C0002C64B /* Model Controllers */,
				9D6CD0271CFC8FDD0002C64B /* Views */,
				68658B631CF8AC7F0016C5CD /* View Controllers */,
				68658B641CF8AC960016C5CD /* Other Controllers */,
				68658B6B1CF8F3EB0016C5CD /* Protocols */,
			);
			name = Sources;
			path = Timeline;
			sourceTree = "<group>";
		};
		682FA4EA1CF5427500B81932 /* TimelineTests */ = {
			isa = PBXGroup;
			children = (
				682FA4EB1CF5427500B81932 /* TimelineTests.swift */,
				682FA4ED1CF5427500B81932 /* Info.plist */,
			);
			path = TimelineTests;
			sourceTree = "<group>";
		};
		682FA4F51CF5427500B81932 /* TimelineUITests */ = {
			isa = PBXGroup;
			children = (
				682FA4F61CF5427500B81932 /* TimelineUITests.swift */,
				682FA4F81CF5427500B81932 /* Info.plist */,
			);
			path = TimelineUITests;
			sourceTree = "<group>";
		};
		68658B631CF8AC7F0016C5CD /* View Controllers */ = {
			isa = PBXGroup;
			children = (
				68AA93201CF689F30006A751 /* PostListTableViewController.swift */,
				68AA93221CF68A020006A751 /* PostDetailTableViewController.swift */,
				68AA93241CF68A1A0006A751 /* AddPostTableViewController.swift */,
				68658B671CF8F3280016C5CD /* SearchResultsTableViewController.swift */,
				68AA932A1CF68ECD0006A751 /* PhotoSelectViewController.swift */,
			);
			name = "View Controllers";
			sourceTree = "<group>";
		};
		68658B641CF8AC960016C5CD /* Other Controllers */ = {
			isa = PBXGroup;
			children = (
				68402B561CF93CB000EECEF3 /* CloudKitManager.swift */,
			);
			name = "Other Controllers";
			sourceTree = "<group>";
		};
		68658B6B1CF8F3EB0016C5CD /* Protocols */ = {
			isa = PBXGroup;
			children = (
				68658B691CF8F3820016C5CD /* SearchableRecord.swift */,
				9D3CACAF1D4FB60C00ED537B /* CloudKitSyncable.swift */,
			);
			name = Protocols;
			sourceTree = "<group>";
		};
		9D6CD0231CFC8F470002C64B /* Frameworks */ = {
			isa = PBXGroup;
			children = (
				68B4B04B1D05BD7A00EE2D88 /* CloudKit.framework */,
			);
			name = Frameworks;
			sourceTree = "<group>";
		};
		9D6CD0241CFC8F580002C64B /* Resources */ = {
			isa = PBXGroup;
			children = (
				9D6CD0251CFC8F6E0002C64B /* Storyboards */,
				68199A871D007F96001C6FAE /* Timeline.entitlements */,
				682FA4DD1CF5427500B81932 /* Assets.xcassets */,
				682FA4E21CF5427500B81932 /* Info.plist */,
			);
			name = Resources;
			path = Timeline;
			sourceTree = "<group>";
		};
		9D6CD0251CFC8F6E0002C64B /* Storyboards */ = {
			isa = PBXGroup;
			children = (
				682FA4DF1CF5427500B81932 /* LaunchScreen.storyboard */,
				682FA4DA1CF5427500B81932 /* Main.storyboard */,
			);
			name = Storyboards;
			sourceTree = "<group>";
		};
		9D6CD0261CFC8FC70002C64B /* Model */ = {
			isa = PBXGroup;
			children = (
				68658B5B1CF8AC4B0016C5CD /* Post.swift */,
				68658B5D1CF8AC4B0016C5CD /* Comment.swift */,
			);
			name = Model;
			sourceTree = "<group>";
		};
		9D6CD0271CFC8FDD0002C64B /* Views */ = {
			isa = PBXGroup;
			children = (
				68658B651CF8B8730016C5CD /* PostTableViewCell.swift */,
			);
			name = Views;
			sourceTree = "<group>";
		};
		9D6CD0281CFC902C0002C64B /* Model Controllers */ = {
			isa = PBXGroup;
			children = (
				6857CAA01CF5F00F0072C237 /* PostController.swift */,
			);
			name = "Model Controllers";
			sourceTree = "<group>";
		};
/* End PBXGroup section */

/* Begin PBXNativeTarget section */
		682FA4D21CF5427500B81932 /* Timeline */ = {
			isa = PBXNativeTarget;
			buildConfigurationList = 682FA4FB1CF5427500B81932 /* Build configuration list for PBXNativeTarget "Timeline" */;
			buildPhases = (
				682FA4CF1CF5427500B81932 /* Sources */,
				682FA4D01CF5427500B81932 /* Frameworks */,
				682FA4D11CF5427500B81932 /* Resources */,
			);
			buildRules = (
			);
			dependencies = (
			);
			name = Timeline;
			productName = Timeline;
			productReference = 682FA4D31CF5427500B81932 /* Timeline.app */;
			productType = "com.apple.product-type.application";
		};
		682FA4E61CF5427500B81932 /* TimelineTests */ = {
			isa = PBXNativeTarget;
			buildConfigurationList = 682FA4FE1CF5427500B81932 /* Build configuration list for PBXNativeTarget "TimelineTests" */;
			buildPhases = (
				682FA4E31CF5427500B81932 /* Sources */,
				682FA4E41CF5427500B81932 /* Frameworks */,
				682FA4E51CF5427500B81932 /* Resources */,
			);
			buildRules = (
			);
			dependencies = (
				682FA4E91CF5427500B81932 /* PBXTargetDependency */,
			);
			name = TimelineTests;
			productName = TimelineTests;
			productReference = 682FA4E71CF5427500B81932 /* TimelineTests.xctest */;
			productType = "com.apple.product-type.bundle.unit-test";
		};
		682FA4F11CF5427500B81932 /* TimelineUITests */ = {
			isa = PBXNativeTarget;
			buildConfigurationList = 682FA5011CF5427500B81932 /* Build configuration list for PBXNativeTarget "TimelineUITests" */;
			buildPhases = (
				682FA4EE1CF5427500B81932 /* Sources */,
				682FA4EF1CF5427500B81932 /* Frameworks */,
				682FA4F01CF5427500B81932 /* Resources */,
			);
			buildRules = (
			);
			dependencies = (
				682FA4F41CF5427500B81932 /* PBXTargetDependency */,
			);
			name = TimelineUITests;
			productName = TimelineUITests;
			productReference = 682FA4F21CF5427500B81932 /* TimelineUITests.xctest */;
			productType = "com.apple.product-type.bundle.ui-testing";
		};
/* End PBXNativeTarget section */

/* Begin PBXProject section */
		682FA4CB1CF5427500B81932 /* Project object */ = {
			isa = PBXProject;
			attributes = {
				LastSwiftUpdateCheck = 0730;
				LastUpgradeCheck = 0730;
				ORGANIZATIONNAME = DevMountain;
				TargetAttributes = {
					682FA4D21CF5427500B81932 = {
						CreatedOnToolsVersion = 7.3.1;
						DevelopmentTeam = 357NQPN89X;
						SystemCapabilities = {
							com.apple.iCloud = {
								enabled = 1;
							};
						};
					};
					682FA4E61CF5427500B81932 = {
						CreatedOnToolsVersion = 7.3.1;
						TestTargetID = 682FA4D21CF5427500B81932;
					};
					682FA4F11CF5427500B81932 = {
						CreatedOnToolsVersion = 7.3.1;
						TestTargetID = 682FA4D21CF5427500B81932;
					};
				};
			};
			buildConfigurationList = 682FA4CE1CF5427500B81932 /* Build configuration list for PBXProject "Timeline" */;
			compatibilityVersion = "Xcode 3.2";
			developmentRegion = English;
			hasScannedForEncodings = 0;
			knownRegions = (
				en,
				Base,
			);
			mainGroup = 682FA4CA1CF5427500B81932;
			productRefGroup = 682FA4D41CF5427500B81932 /* Products */;
			projectDirPath = "";
			projectRoot = "";
			targets = (
				682FA4D21CF5427500B81932 /* Timeline */,
				682FA4E61CF5427500B81932 /* TimelineTests */,
				682FA4F11CF5427500B81932 /* TimelineUITests */,
			);
		};
/* End PBXProject section */

/* Begin PBXResourcesBuildPhase section */
		682FA4D11CF5427500B81932 /* Resources */ = {
			isa = PBXResourcesBuildPhase;
			buildActionMask = 2147483647;
			files = (
				682FA4E11CF5427500B81932 /* LaunchScreen.storyboard in Resources */,
				682FA4DE1CF5427500B81932 /* Assets.xcassets in Resources */,
				682FA4DC1CF5427500B81932 /* Main.storyboard in Resources */,
			);
			runOnlyForDeploymentPostprocessing = 0;
		};
		682FA4E51CF5427500B81932 /* Resources */ = {
			isa = PBXResourcesBuildPhase;
			buildActionMask = 2147483647;
			files = (
			);
			runOnlyForDeploymentPostprocessing = 0;
		};
		682FA4F01CF5427500B81932 /* Resources */ = {
			isa = PBXResourcesBuildPhase;
			buildActionMask = 2147483647;
			files = (
			);
			runOnlyForDeploymentPostprocessing = 0;
		};
/* End PBXResourcesBuildPhase section */

/* Begin PBXSourcesBuildPhase section */
		682FA4CF1CF5427500B81932 /* Sources */ = {
			isa = PBXSourcesBuildPhase;
			buildActionMask = 2147483647;
			files = (
				9D3CACB01D4FB60C00ED537B /* CloudKitSyncable.swift in Sources */,
				68658B681CF8F3280016C5CD /* SearchResultsTableViewController.swift in Sources */,
				68AA932B1CF68ECD0006A751 /* PhotoSelectViewController.swift in Sources */,
				68AA93231CF68A020006A751 /* PostDetailTableViewController.swift in Sources */,
				9D3CACAE1D4FB2DC00ED537B /* Post.swift in Sources */,
				68658B661CF8B8730016C5CD /* PostTableViewCell.swift in Sources */,
				68AA93211CF689F30006A751 /* PostListTableViewController.swift in Sources */,
				68402B571CF93CB000EECEF3 /* CloudKitManager.swift in Sources */,
				6857CAA11CF5F00F0072C237 /* PostController.swift in Sources */,
				682FA4D71CF5427500B81932 /* AppDelegate.swift in Sources */,
				9D3CACB11D4FB8DF00ED537B /* Comment.swift in Sources */,
				68AA93251CF68A1A0006A751 /* AddPostTableViewController.swift in Sources */,
				68658B6A1CF8F3820016C5CD /* SearchableRecord.swift in Sources */,
			);
			runOnlyForDeploymentPostprocessing = 0;
		};
		682FA4E31CF5427500B81932 /* Sources */ = {
			isa = PBXSourcesBuildPhase;
			buildActionMask = 2147483647;
			files = (
				682FA4EC1CF5427500B81932 /* TimelineTests.swift in Sources */,
			);
			runOnlyForDeploymentPostprocessing = 0;
		};
		682FA4EE1CF5427500B81932 /* Sources */ = {
			isa = PBXSourcesBuildPhase;
			buildActionMask = 2147483647;
			files = (
				682FA4F71CF5427500B81932 /* TimelineUITests.swift in Sources */,
			);
			runOnlyForDeploymentPostprocessing = 0;
		};
/* End PBXSourcesBuildPhase section */

/* Begin PBXTargetDependency section */
		682FA4E91CF5427500B81932 /* PBXTargetDependency */ = {
			isa = PBXTargetDependency;
			target = 682FA4D21CF5427500B81932 /* Timeline */;
			targetProxy = 682FA4E81CF5427500B81932 /* PBXContainerItemProxy */;
		};
		682FA4F41CF5427500B81932 /* PBXTargetDependency */ = {
			isa = PBXTargetDependency;
			target = 682FA4D21CF5427500B81932 /* Timeline */;
			targetProxy = 682FA4F31CF5427500B81932 /* PBXContainerItemProxy */;
		};
/* End PBXTargetDependency section */

/* Begin PBXVariantGroup section */
		682FA4DA1CF5427500B81932 /* Main.storyboard */ = {
			isa = PBXVariantGroup;
			children = (
				682FA4DB1CF5427500B81932 /* Base */,
			);
			name = Main.storyboard;
			sourceTree = "<group>";
		};
		682FA4DF1CF5427500B81932 /* LaunchScreen.storyboard */ = {
			isa = PBXVariantGroup;
			children = (
				682FA4E01CF5427500B81932 /* Base */,
			);
			name = LaunchScreen.storyboard;
			sourceTree = "<group>";
		};
/* End PBXVariantGroup section */

/* Begin XCBuildConfiguration section */
		682FA4F91CF5427500B81932 /* Debug */ = {
			isa = XCBuildConfiguration;
			buildSettings = {
				ALWAYS_SEARCH_USER_PATHS = NO;
				CLANG_ANALYZER_NONNULL = YES;
				CLANG_CXX_LANGUAGE_STANDARD = "gnu++0x";
				CLANG_CXX_LIBRARY = "libc++";
				CLANG_ENABLE_MODULES = YES;
				CLANG_ENABLE_OBJC_ARC = YES;
				CLANG_WARN_BOOL_CONVERSION = YES;
				CLANG_WARN_CONSTANT_CONVERSION = YES;
				CLANG_WARN_DIRECT_OBJC_ISA_USAGE = YES_ERROR;
				CLANG_WARN_EMPTY_BODY = YES;
				CLANG_WARN_ENUM_CONVERSION = YES;
				CLANG_WARN_INT_CONVERSION = YES;
				CLANG_WARN_OBJC_ROOT_CLASS = YES_ERROR;
				CLANG_WARN_UNREACHABLE_CODE = YES;
				CLANG_WARN__DUPLICATE_METHOD_MATCH = YES;
				"CODE_SIGN_IDENTITY[sdk=iphoneos*]" = "iPhone Developer";
				COPY_PHASE_STRIP = NO;
				DEBUG_INFORMATION_FORMAT = dwarf;
				ENABLE_STRICT_OBJC_MSGSEND = YES;
				ENABLE_TESTABILITY = YES;
				GCC_C_LANGUAGE_STANDARD = gnu99;
				GCC_DYNAMIC_NO_PIC = NO;
				GCC_NO_COMMON_BLOCKS = YES;
				GCC_OPTIMIZATION_LEVEL = 0;
				GCC_PREPROCESSOR_DEFINITIONS = (
					"DEBUG=1",
					"$(inherited)",
				);
				GCC_WARN_64_TO_32_BIT_CONVERSION = YES;
				GCC_WARN_ABOUT_RETURN_TYPE = YES_ERROR;
				GCC_WARN_UNDECLARED_SELECTOR = YES;
				GCC_WARN_UNINITIALIZED_AUTOS = YES_AGGRESSIVE;
				GCC_WARN_UNUSED_FUNCTION = YES;
				GCC_WARN_UNUSED_VARIABLE = YES;
				IPHONEOS_DEPLOYMENT_TARGET = 9.3;
				MTL_ENABLE_DEBUG_INFO = YES;
				ONLY_ACTIVE_ARCH = YES;
				SDKROOT = iphoneos;
				SWIFT_OPTIMIZATION_LEVEL = "-Onone";
				TARGETED_DEVICE_FAMILY = "1,2";
			};
			name = Debug;
		};
		682FA4FA1CF5427500B81932 /* Release */ = {
			isa = XCBuildConfiguration;
			buildSettings = {
				ALWAYS_SEARCH_USER_PATHS = NO;
				CLANG_ANALYZER_NONNULL = YES;
				CLANG_CXX_LANGUAGE_STANDARD = "gnu++0x";
				CLANG_CXX_LIBRARY = "libc++";
				CLANG_ENABLE_MODULES = YES;
				CLANG_ENABLE_OBJC_ARC = YES;
				CLANG_WARN_BOOL_CONVERSION = YES;
				CLANG_WARN_CONSTANT_CONVERSION = YES;
				CLANG_WARN_DIRECT_OBJC_ISA_USAGE = YES_ERROR;
				CLANG_WARN_EMPTY_BODY = YES;
				CLANG_WARN_ENUM_CONVERSION = YES;
				CLANG_WARN_INT_CONVERSION = YES;
				CLANG_WARN_OBJC_ROOT_CLASS = YES_ERROR;
				CLANG_WARN_UNREACHABLE_CODE = YES;
				CLANG_WARN__DUPLICATE_METHOD_MATCH = YES;
				"CODE_SIGN_IDENTITY[sdk=iphoneos*]" = "iPhone Developer";
				COPY_PHASE_STRIP = NO;
				DEBUG_INFORMATION_FORMAT = "dwarf-with-dsym";
				ENABLE_NS_ASSERTIONS = NO;
				ENABLE_STRICT_OBJC_MSGSEND = YES;
				GCC_C_LANGUAGE_STANDARD = gnu99;
				GCC_NO_COMMON_BLOCKS = YES;
				GCC_WARN_64_TO_32_BIT_CONVERSION = YES;
				GCC_WARN_ABOUT_RETURN_TYPE = YES_ERROR;
				GCC_WARN_UNDECLARED_SELECTOR = YES;
				GCC_WARN_UNINITIALIZED_AUTOS = YES_AGGRESSIVE;
				GCC_WARN_UNUSED_FUNCTION = YES;
				GCC_WARN_UNUSED_VARIABLE = YES;
				IPHONEOS_DEPLOYMENT_TARGET = 9.3;
				MTL_ENABLE_DEBUG_INFO = NO;
				SDKROOT = iphoneos;
				TARGETED_DEVICE_FAMILY = "1,2";
				VALIDATE_PRODUCT = YES;
			};
			name = Release;
		};
		682FA4FC1CF5427500B81932 /* Debug */ = {
			isa = XCBuildConfiguration;
			buildSettings = {
				ASSETCATALOG_COMPILER_APPICON_NAME = AppIcon;
				CODE_SIGN_ENTITLEMENTS = Timeline/Timeline.entitlements;
				CODE_SIGN_IDENTITY = "iPhone Developer";
				"CODE_SIGN_IDENTITY[sdk=iphoneos*]" = "iPhone Developer";
				INFOPLIST_FILE = Timeline/Info.plist;
				LD_RUNPATH_SEARCH_PATHS = "$(inherited) @executable_path/Frameworks";
				PRODUCT_BUNDLE_IDENTIFIER = com.devmountain.Timeline;
				PRODUCT_NAME = "$(TARGET_NAME)";
				PROVISIONING_PROFILE = "";
			};
			name = Debug;
		};
		682FA4FD1CF5427500B81932 /* Release */ = {
			isa = XCBuildConfiguration;
			buildSettings = {
				ASSETCATALOG_COMPILER_APPICON_NAME = AppIcon;
				CODE_SIGN_ENTITLEMENTS = Timeline/Timeline.entitlements;
				CODE_SIGN_IDENTITY = "iPhone Developer";
				"CODE_SIGN_IDENTITY[sdk=iphoneos*]" = "iPhone Developer";
				INFOPLIST_FILE = Timeline/Info.plist;
				LD_RUNPATH_SEARCH_PATHS = "$(inherited) @executable_path/Frameworks";
				PRODUCT_BUNDLE_IDENTIFIER = com.devmountain.Timeline;
				PRODUCT_NAME = "$(TARGET_NAME)";
				PROVISIONING_PROFILE = "";
			};
			name = Release;
		};
		682FA4FF1CF5427500B81932 /* Debug */ = {
			isa = XCBuildConfiguration;
			buildSettings = {
				BUNDLE_LOADER = "$(TEST_HOST)";
				INFOPLIST_FILE = TimelineTests/Info.plist;
				LD_RUNPATH_SEARCH_PATHS = "$(inherited) @executable_path/Frameworks @loader_path/Frameworks";
				PRODUCT_BUNDLE_IDENTIFIER = com.devmtn.TimelineTests;
				PRODUCT_NAME = "$(TARGET_NAME)";
				TEST_HOST = "$(BUILT_PRODUCTS_DIR)/Timeline.app/Timeline";
			};
			name = Debug;
		};
		682FA5001CF5427500B81932 /* Release */ = {
			isa = XCBuildConfiguration;
			buildSettings = {
				BUNDLE_LOADER = "$(TEST_HOST)";
				INFOPLIST_FILE = TimelineTests/Info.plist;
				LD_RUNPATH_SEARCH_PATHS = "$(inherited) @executable_path/Frameworks @loader_path/Frameworks";
				PRODUCT_BUNDLE_IDENTIFIER = com.devmtn.TimelineTests;
				PRODUCT_NAME = "$(TARGET_NAME)";
				TEST_HOST = "$(BUILT_PRODUCTS_DIR)/Timeline.app/Timeline";
			};
			name = Release;
		};
		682FA5021CF5427500B81932 /* Debug */ = {
			isa = XCBuildConfiguration;
			buildSettings = {
				INFOPLIST_FILE = TimelineUITests/Info.plist;
				LD_RUNPATH_SEARCH_PATHS = "$(inherited) @executable_path/Frameworks @loader_path/Frameworks";
				PRODUCT_BUNDLE_IDENTIFIER = com.devmtn.TimelineUITests;
				PRODUCT_NAME = "$(TARGET_NAME)";
				TEST_TARGET_NAME = Timeline;
			};
			name = Debug;
		};
		682FA5031CF5427500B81932 /* Release */ = {
			isa = XCBuildConfiguration;
			buildSettings = {
				INFOPLIST_FILE = TimelineUITests/Info.plist;
				LD_RUNPATH_SEARCH_PATHS = "$(inherited) @executable_path/Frameworks @loader_path/Frameworks";
				PRODUCT_BUNDLE_IDENTIFIER = com.devmtn.TimelineUITests;
				PRODUCT_NAME = "$(TARGET_NAME)";
				TEST_TARGET_NAME = Timeline;
			};
			name = Release;
		};
/* End XCBuildConfiguration section */

/* Begin XCConfigurationList section */
		682FA4CE1CF5427500B81932 /* Build configuration list for PBXProject "Timeline" */ = {
			isa = XCConfigurationList;
			buildConfigurations = (
				682FA4F91CF5427500B81932 /* Debug */,
				682FA4FA1CF5427500B81932 /* Release */,
			);
			defaultConfigurationIsVisible = 0;
			defaultConfigurationName = Release;
		};
		682FA4FB1CF5427500B81932 /* Build configuration list for PBXNativeTarget "Timeline" */ = {
			isa = XCConfigurationList;
			buildConfigurations = (
				682FA4FC1CF5427500B81932 /* Debug */,
				682FA4FD1CF5427500B81932 /* Release */,
			);
			defaultConfigurationIsVisible = 0;
			defaultConfigurationName = Release;
		};
		682FA4FE1CF5427500B81932 /* Build configuration list for PBXNativeTarget "TimelineTests" */ = {
			isa = XCConfigurationList;
			buildConfigurations = (
				682FA4FF1CF5427500B81932 /* Debug */,
				682FA5001CF5427500B81932 /* Release */,
			);
			defaultConfigurationIsVisible = 0;
			defaultConfigurationName = Release;
		};
		682FA5011CF5427500B81932 /* Build configuration list for PBXNativeTarget "TimelineUITests" */ = {
			isa = XCConfigurationList;
			buildConfigurations = (
				682FA5021CF5427500B81932 /* Debug */,
				682FA5031CF5427500B81932 /* Release */,
			);
			defaultConfigurationIsVisible = 0;
			defaultConfigurationName = Release;
		};
/* End XCConfigurationList section */
	};
	rootObject = 682FA4CB1CF5427500B81932 /* Project object */;
}
